{
  "name": "dunecity-webrtc-glue",
  "version": "1.0.0",
  "lockfileVersion": 3,
  "requires": true,
  "packages": {
    "": {
      "name": "dunecity-webrtc-glue",
      "version": "1.0.0",
      "hasInstallScript": true,
      "license": "UNLICENSED",
      "dependencies": {
        "dunecity-webrtc-signaling": "file:../../tools/webrtc-signaling"
      },
      "devDependencies": {
        "ws": "^8.18.0"
      },
      "engines": {
        "node": ">=20"
      }
    },
    "../../tools/webrtc-signaling": {
      "name": "dunecity-webrtc-signaling",
      "version": "1.0.0",
      "license": "UNLICENSED",
      "dependencies": {
        "ws": "^8.18.0"
      },
      "engines": {
        "node": ">=20"
      }
    },
    "node_modules/dunecity-webrtc-signaling": {
      "resolved": "../../tools/webrtc-signaling",
      "link": true
    },
    "node_modules/ws": {
      "version": "8.21.3",
      "resolved": "https://registry.npmjs.org/ws/-/ws-8.21.3.tgz",
      "integrity": "sha512-201TZ/kPWxoPr/OKWjquZR1SWKXcvxdH+e1xrx89b3YbmzLMFCLfnaG1HFIgWzJOEWZ7MvpK++odZufgYR50Rw==",
      "dev": true,
      "license": "MIT",
      "engines": {
        "node": ">=10.0.0"
      },
      "peerDependencies": {
        "bufferutil": "^4.0.1",
        "utf-8-validate": ">=5.0.2"
      },
      "peerDependenciesMeta": {
        "bufferutil": {
          "optional": true
        },
        "utf-8-validate": {
          "optional": true
        }
      }
    }
  }
}
